
Microsoft Visual Studio Solution File, Format Version 12.00
Project("{FAE04EC0-301F-11D3-BF4B-00C04F79EFBC}") = "MediaDownloader.App", "MediaDownloader.App\MediaDownloader.App.csproj", "{F84E6B18-3F9F-4317-AC49-0543934F5798}"
EndProject
Global
	GlobalSection(SolutionConfigurationPlatforms) = preSolution
		Debug|Any CPU = Debug|Any CPU
		Release|Any CPU = Release|Any CPU
	EndGlobalSection
	GlobalSection(ProjectConfigurationPlatforms) = postSolution
		{F84E6B18-3F9F-4317-AC49-0543934F5798}.Debug|Any CPU.ActiveCfg = Debug|Any CPU
		{F84E6B18-3F9F-4317-AC49-0543934F5798}.Debug|Any CPU.Build.0 = Debug|Any CPU
		{F84E6B18-3F9F-4317-AC49-0543934F5798}.Release|Any CPU.ActiveCfg = Release|Any CPU
		{F84E6B18-3F9F-4317-AC49-0543934F5798}.Release|Any CPU.Build.0 = Release|Any CPU
	EndGlobalSection
EndGlobal
